
Microsoft Visual Studio Solution File, Format Version 10.00
# Visual Studio 2008
Project("{8BC9CEB8-8B4A-11D0-8D11-00A0C91BC942}") = "XProfileDemo", "XProfileDemo\XProfileDemo.vcproj", "{63A138F2-25C4-4CA1-A6AA-A5F0360569D3}"
EndProject
Project("{8BC9CEB8-8B4A-11D0-8D11-00A0C91BC942}") = "XProfile", "XProfile\XProfile.vcproj", "{3EC75920-5838-4E27-A423-2BB7624E777E}"
EndProject
Global
	GlobalSection(SolutionConfigurationPlatforms) = preSolution
		Debug|Win32 = Debug|Win32
		Release|Win32 = Release|Win32
	EndGlobalSection
	GlobalSection(ProjectConfigurationPlatforms) = postSolution
		{63A138F2-25C4-4CA1-A6AA-A5F0360569D3}.Debug|Win32.ActiveCfg = Debug|Win32
		{63A138F2-25C4-4CA1-A6AA-A5F0360569D3}.Debug|Win32.Build.0 = Debug|Win32
		{63A138F2-25C4-4CA1-A6AA-A5F0360569D3}.Release|Win32.ActiveCfg = Release|Win32
		{63A138F2-25C4-4CA1-A6AA-A5F0360569D3}.Release|Win32.Build.0 = Release|Win32
		{3EC75920-5838-4E27-A423-2BB7624E777E}.Debug|Win32.ActiveCfg = Debug|Win32
		{3EC75920-5838-4E27-A423-2BB7624E777E}.Debug|Win32.Build.0 = Debug|Win32
		{3EC75920-5838-4E27-A423-2BB7624E777E}.Release|Win32.ActiveCfg = Release|Win32
		{3EC75920-5838-4E27-A423-2BB7624E777E}.Release|Win32.Build.0 = Release|Win32
	EndGlobalSection
	GlobalSection(SolutionProperties) = preSolution
		HideSolutionNode = FALSE
	EndGlobalSection
EndGlobal
