
Microsoft Visual Studio Solution File, Format Version 11.00
# Visual Studio 2010
Project("{8BC9CEB8-8B4A-11D0-8D11-00A0C91BC942}") = "Uninstall", "Uninstall.vcxproj", "{56BE7B71-465E-49EA-9A16-5D34D773EC07}"
EndProject
Global
	GlobalSection(SolutionConfigurationPlatforms) = preSolution
		Debug|Win32 = Debug|Win32
		Release|Win32 = Release|Win32
	EndGlobalSection
	GlobalSection(ProjectConfigurationPlatforms) = postSolution
		{56BE7B71-465E-49EA-9A16-5D34D773EC07}.Debug|Win32.ActiveCfg = Debug|Win32
		{56BE7B71-465E-49EA-9A16-5D34D773EC07}.Debug|Win32.Build.0 = Debug|Win32
		{56BE7B71-465E-49EA-9A16-5D34D773EC07}.Release|Win32.ActiveCfg = Release|Win32
		{56BE7B71-465E-49EA-9A16-5D34D773EC07}.Release|Win32.Build.0 = Release|Win32
	EndGlobalSection
	GlobalSection(SolutionProperties) = preSolution
		HideSolutionNode = FALSE
	EndGlobalSection
EndGlobal
