
Microsoft Visual Studio Solution File, Format Version 10.00
# Visual Studio 2008
Project("{8BC9CEB8-8B4A-11D0-8D11-00A0C91BC942}") = "MsgListDemo", "MsgListDemo\MsgListDemo.vcproj", "{2AE650C1-A613-4BF4-A2CB-03236F4B5E5B}"
EndProject
Global
	GlobalSection(SolutionConfigurationPlatforms) = preSolution
		Debug|Win32 = Debug|Win32
		Release|Win32 = Release|Win32
	EndGlobalSection
	GlobalSection(ProjectConfigurationPlatforms) = postSolution
		{2AE650C1-A613-4BF4-A2CB-03236F4B5E5B}.Debug|Win32.ActiveCfg = Debug|Win32
		{2AE650C1-A613-4BF4-A2CB-03236F4B5E5B}.Debug|Win32.Build.0 = Debug|Win32
		{2AE650C1-A613-4BF4-A2CB-03236F4B5E5B}.Release|Win32.ActiveCfg = Release|Win32
		{2AE650C1-A613-4BF4-A2CB-03236F4B5E5B}.Release|Win32.Build.0 = Release|Win32
	EndGlobalSection
	GlobalSection(SolutionProperties) = preSolution
		HideSolutionNode = FALSE
	EndGlobalSection
EndGlobal
